
Microsoft Visual Studio Solution File, Format Version 12.00
# Visual Studio Version 16
VisualStudioVersion = 16.0.31624.102
MinimumVisualStudioVersion = 10.0.40219.1
Project("{FAE04EC0-301F-11D3-BF4B-00C04F79EFBC}") = "SpotifyToText", "SpotifyToText\SpotifyToText.csproj", "{BB76343F-0A2A-4FC1-913D-D028E112E14B}"
EndProject
Global
	GlobalSection(SolutionConfigurationPlatforms) = preSolution
		Debug|Any CPU = Debug|Any CPU
		Release|Any CPU = Release|Any CPU
	EndGlobalSection
	GlobalSection(ProjectConfigurationPlatforms) = postSolution
		{BB76343F-0A2A-4FC1-913D-D028E112E14B}.Debug|Any CPU.ActiveCfg = Debug|Any CPU
		{BB76343F-0A2A-4FC1-913D-D028E112E14B}.Debug|Any CPU.Build.0 = Debug|Any CPU
		{BB76343F-0A2A-4FC1-913D-D028E112E14B}.Release|Any CPU.ActiveCfg = Release|Any CPU
		{BB76343F-0A2A-4FC1-913D-D028E112E14B}.Release|Any CPU.Build.0 = Release|Any CPU
	EndGlobalSection
	GlobalSection(SolutionProperties) = preSolution
		HideSolutionNode = FALSE
	EndGlobalSection
	GlobalSection(ExtensibilityGlobals) = postSolution
		SolutionGuid = {E5742C27-7779-41FE-BC8A-40C54F819488}
	EndGlobalSection
EndGlobal
